
Microsoft Visual Studio Solution File, Format Version 12.00
# Visual Studio Version 17
VisualStudioVersion = 17.4.33122.133
MinimumVisualStudioVersion = 10.0.40219.1
Project("{FAE04EC0-301F-11D3-BF4B-00C04F79EFBC}") = "Five", "Five\Five.csproj", "{7FF2884B-083E-454B-9175-BEB952A224A1}"
EndProject
Global
	GlobalSection(SolutionConfigurationPlatforms) = preSolution
		Debug|Any CPU = Debug|Any CPU
		Release|Any CPU = Release|Any CPU
	EndGlobalSection
	GlobalSection(ProjectConfigurationPlatforms) = postSolution
		{7FF2884B-083E-454B-9175-BEB952A224A1}.Debug|Any CPU.ActiveCfg = Debug|Any CPU
		{7FF2884B-083E-454B-9175-BEB952A224A1}.Debug|Any CPU.Build.0 = Debug|Any CPU
		{7FF2884B-083E-454B-9175-BEB952A224A1}.Release|Any CPU.ActiveCfg = Release|Any CPU
		{7FF2884B-083E-454B-9175-BEB952A224A1}.Release|Any CPU.Build.0 = Release|Any CPU
	EndGlobalSection
	GlobalSection(SolutionProperties) = preSolution
		HideSolutionNode = FALSE
	EndGlobalSection
	GlobalSection(ExtensibilityGlobals) = postSolution
		SolutionGuid = {B2C7A877-011E-454B-9006-812CC86C23F6}
	EndGlobalSection
EndGlobal
