
Microsoft Visual Studio Solution File, Format Version 12.00
# Visual Studio Version 17
VisualStudioVersion = 17.4.33122.133
MinimumVisualStudioVersion = 10.0.40219.1
Project("{FAE04EC0-301F-11D3-BF4B-00C04F79EFBC}") = "Thirteen", "Thirteen\Thirteen.csproj", "{503EB914-99EE-4141-BAC2-5EA19E22302E}"
EndProject
Global
	GlobalSection(SolutionConfigurationPlatforms) = preSolution
		Debug|Any CPU = Debug|Any CPU
		Release|Any CPU = Release|Any CPU
	EndGlobalSection
	GlobalSection(ProjectConfigurationPlatforms) = postSolution
		{503EB914-99EE-4141-BAC2-5EA19E22302E}.Debug|Any CPU.ActiveCfg = Debug|Any CPU
		{503EB914-99EE-4141-BAC2-5EA19E22302E}.Debug|Any CPU.Build.0 = Debug|Any CPU
		{503EB914-99EE-4141-BAC2-5EA19E22302E}.Release|Any CPU.ActiveCfg = Release|Any CPU
		{503EB914-99EE-4141-BAC2-5EA19E22302E}.Release|Any CPU.Build.0 = Release|Any CPU
	EndGlobalSection
	GlobalSection(SolutionProperties) = preSolution
		HideSolutionNode = FALSE
	EndGlobalSection
	GlobalSection(ExtensibilityGlobals) = postSolution
		SolutionGuid = {0E6CC76A-6A55-46BF-91B1-1F13A7674C15}
	EndGlobalSection
EndGlobal
