
Microsoft Visual Studio Solution File, Format Version 12.00
# Visual Studio Version 17
VisualStudioVersion = 17.4.33122.133
MinimumVisualStudioVersion = 10.0.40219.1
Project("{FAE04EC0-301F-11D3-BF4B-00C04F79EFBC}") = "four", "four\four.csproj", "{7B205EBD-DDF7-46E0-87CC-DCED4783BE93}"
EndProject
Global
	GlobalSection(SolutionConfigurationPlatforms) = preSolution
		Debug|Any CPU = Debug|Any CPU
		Release|Any CPU = Release|Any CPU
	EndGlobalSection
	GlobalSection(ProjectConfigurationPlatforms) = postSolution
		{7B205EBD-DDF7-46E0-87CC-DCED4783BE93}.Debug|Any CPU.ActiveCfg = Debug|Any CPU
		{7B205EBD-DDF7-46E0-87CC-DCED4783BE93}.Debug|Any CPU.Build.0 = Debug|Any CPU
		{7B205EBD-DDF7-46E0-87CC-DCED4783BE93}.Release|Any CPU.ActiveCfg = Release|Any CPU
		{7B205EBD-DDF7-46E0-87CC-DCED4783BE93}.Release|Any CPU.Build.0 = Release|Any CPU
	EndGlobalSection
	GlobalSection(SolutionProperties) = preSolution
		HideSolutionNode = FALSE
	EndGlobalSection
	GlobalSection(ExtensibilityGlobals) = postSolution
		SolutionGuid = {9273A465-30B8-4032-A45C-3864FC663BCC}
	EndGlobalSection
EndGlobal
