
Microsoft Visual Studio Solution File, Format Version 12.00
# Visual Studio Version 17
VisualStudioVersion = 17.4.33122.133
MinimumVisualStudioVersion = 10.0.40219.1
Project("{FAE04EC0-301F-11D3-BF4B-00C04F79EFBC}") = "Two", "Two\Two.csproj", "{131DBA55-995D-4D41-BF14-759AB144C333}"
EndProject
Global
	GlobalSection(SolutionConfigurationPlatforms) = preSolution
		Debug|Any CPU = Debug|Any CPU
		Release|Any CPU = Release|Any CPU
	EndGlobalSection
	GlobalSection(ProjectConfigurationPlatforms) = postSolution
		{131DBA55-995D-4D41-BF14-759AB144C333}.Debug|Any CPU.ActiveCfg = Debug|Any CPU
		{131DBA55-995D-4D41-BF14-759AB144C333}.Debug|Any CPU.Build.0 = Debug|Any CPU
		{131DBA55-995D-4D41-BF14-759AB144C333}.Release|Any CPU.ActiveCfg = Release|Any CPU
		{131DBA55-995D-4D41-BF14-759AB144C333}.Release|Any CPU.Build.0 = Release|Any CPU
	EndGlobalSection
	GlobalSection(SolutionProperties) = preSolution
		HideSolutionNode = FALSE
	EndGlobalSection
	GlobalSection(ExtensibilityGlobals) = postSolution
		SolutionGuid = {430982C2-BDD8-4BE7-8850-30923DC0ED49}
	EndGlobalSection
EndGlobal
