
Microsoft Visual Studio Solution File, Format Version 12.00
# Visual Studio Version 17
VisualStudioVersion = 17.4.33122.133
MinimumVisualStudioVersion = 10.0.40219.1
Project("{FAE04EC0-301F-11D3-BF4B-00C04F79EFBC}") = "Seven", "Seven\Seven.csproj", "{6C4E8D27-7126-4BFB-991A-9B666DAF2882}"
EndProject
Global
	GlobalSection(SolutionConfigurationPlatforms) = preSolution
		Debug|Any CPU = Debug|Any CPU
		Release|Any CPU = Release|Any CPU
	EndGlobalSection
	GlobalSection(ProjectConfigurationPlatforms) = postSolution
		{6C4E8D27-7126-4BFB-991A-9B666DAF2882}.Debug|Any CPU.ActiveCfg = Debug|Any CPU
		{6C4E8D27-7126-4BFB-991A-9B666DAF2882}.Debug|Any CPU.Build.0 = Debug|Any CPU
		{6C4E8D27-7126-4BFB-991A-9B666DAF2882}.Release|Any CPU.ActiveCfg = Release|Any CPU
		{6C4E8D27-7126-4BFB-991A-9B666DAF2882}.Release|Any CPU.Build.0 = Release|Any CPU
	EndGlobalSection
	GlobalSection(SolutionProperties) = preSolution
		HideSolutionNode = FALSE
	EndGlobalSection
	GlobalSection(ExtensibilityGlobals) = postSolution
		SolutionGuid = {CB71608B-38EB-4C0F-B73E-DC593684A203}
	EndGlobalSection
EndGlobal
