
Microsoft Visual Studio Solution File, Format Version 12.00
# Visual Studio Version 17
VisualStudioVersion = 17.4.33122.133
MinimumVisualStudioVersion = 10.0.40219.1
Project("{FAE04EC0-301F-11D3-BF4B-00C04F79EFBC}") = "Six", "Six\Six.csproj", "{00AD8E05-5F4C-4880-B6A7-405149BE9298}"
EndProject
Global
	GlobalSection(SolutionConfigurationPlatforms) = preSolution
		Debug|Any CPU = Debug|Any CPU
		Release|Any CPU = Release|Any CPU
	EndGlobalSection
	GlobalSection(ProjectConfigurationPlatforms) = postSolution
		{00AD8E05-5F4C-4880-B6A7-405149BE9298}.Debug|Any CPU.ActiveCfg = Debug|Any CPU
		{00AD8E05-5F4C-4880-B6A7-405149BE9298}.Debug|Any CPU.Build.0 = Debug|Any CPU
		{00AD8E05-5F4C-4880-B6A7-405149BE9298}.Release|Any CPU.ActiveCfg = Release|Any CPU
		{00AD8E05-5F4C-4880-B6A7-405149BE9298}.Release|Any CPU.Build.0 = Release|Any CPU
	EndGlobalSection
	GlobalSection(SolutionProperties) = preSolution
		HideSolutionNode = FALSE
	EndGlobalSection
	GlobalSection(ExtensibilityGlobals) = postSolution
		SolutionGuid = {F18DFA62-E6E5-4129-B715-E0A9E9AAC487}
	EndGlobalSection
EndGlobal
