
Microsoft Visual Studio Solution File, Format Version 12.00
# Visual Studio Version 17
VisualStudioVersion = 17.4.33122.133
MinimumVisualStudioVersion = 10.0.40219.1
Project("{FAE04EC0-301F-11D3-BF4B-00C04F79EFBC}") = "Eight", "Eight\Eight.csproj", "{F9E28153-ECF6-48E1-90CF-8C3F76BDD559}"
EndProject
Global
	GlobalSection(SolutionConfigurationPlatforms) = preSolution
		Debug|Any CPU = Debug|Any CPU
		Release|Any CPU = Release|Any CPU
	EndGlobalSection
	GlobalSection(ProjectConfigurationPlatforms) = postSolution
		{F9E28153-ECF6-48E1-90CF-8C3F76BDD559}.Debug|Any CPU.ActiveCfg = Debug|Any CPU
		{F9E28153-ECF6-48E1-90CF-8C3F76BDD559}.Debug|Any CPU.Build.0 = Debug|Any CPU
		{F9E28153-ECF6-48E1-90CF-8C3F76BDD559}.Release|Any CPU.ActiveCfg = Release|Any CPU
		{F9E28153-ECF6-48E1-90CF-8C3F76BDD559}.Release|Any CPU.Build.0 = Release|Any CPU
	EndGlobalSection
	GlobalSection(SolutionProperties) = preSolution
		HideSolutionNode = FALSE
	EndGlobalSection
	GlobalSection(ExtensibilityGlobals) = postSolution
		SolutionGuid = {5CC9595E-4454-46E8-9793-D1F7DB8C8A0C}
	EndGlobalSection
EndGlobal
