
Microsoft Visual Studio Solution File, Format Version 12.00
# Visual Studio Version 17
VisualStudioVersion = 17.4.33122.133
MinimumVisualStudioVersion = 10.0.40219.1
Project("{FAE04EC0-301F-11D3-BF4B-00C04F79EFBC}") = "Threee", "Threee\Threee.csproj", "{399B5B19-32E9-4388-A6EF-EA2AF00FBE90}"
EndProject
Global
	GlobalSection(SolutionConfigurationPlatforms) = preSolution
		Debug|Any CPU = Debug|Any CPU
		Release|Any CPU = Release|Any CPU
	EndGlobalSection
	GlobalSection(ProjectConfigurationPlatforms) = postSolution
		{399B5B19-32E9-4388-A6EF-EA2AF00FBE90}.Debug|Any CPU.ActiveCfg = Debug|Any CPU
		{399B5B19-32E9-4388-A6EF-EA2AF00FBE90}.Debug|Any CPU.Build.0 = Debug|Any CPU
		{399B5B19-32E9-4388-A6EF-EA2AF00FBE90}.Release|Any CPU.ActiveCfg = Release|Any CPU
		{399B5B19-32E9-4388-A6EF-EA2AF00FBE90}.Release|Any CPU.Build.0 = Release|Any CPU
	EndGlobalSection
	GlobalSection(SolutionProperties) = preSolution
		HideSolutionNode = FALSE
	EndGlobalSection
	GlobalSection(ExtensibilityGlobals) = postSolution
		SolutionGuid = {91A9F458-9945-47DA-8033-91ADBD229EE1}
	EndGlobalSection
EndGlobal
